// !$*UTF8*$!
{
	archiveVersion = 1;
	classes = {
	};
	objectVersion = 46;
	objects = {

/* Begin PBXBuildFile section */
		47FD51811ACD26F300613D11 /* AppDelegate.swift in Sources */ = {isa = PBXBuildFile; fileRef = 47FD51801ACD26F300613D11 /* AppDelegate.swift */; };
		47FD51831ACD26F300613D11 /* ViewController.swift in Sources */ = {isa = PBXBuildFile; fileRef = 47FD51821ACD26F300613D11 /* ViewController.swift */; };
		47FD51861ACD26F300613D11 /* Main.storyboard in Resources */ = {isa = PBXBuildFile; fileRef = 47FD51841ACD26F300613D11 /* Main.storyboard */; };
		47FD51881ACD26F300613D11 /* Images.xcassets in Resources */ = {isa = PBXBuildFile; fileRef = 47FD51871ACD26F300613D11 /* Images.xcassets */; };
		47FD518B1ACD26F300613D11 /* LaunchScreen.xib in Resources */ = {isa = PBXBuildFile; fileRef = 47FD51891ACD26F300613D11 /* LaunchScreen.xib */; };
		47FD51971ACD26F300613D11 /* PostCardTests.swift in Sources */ = {isa = PBXBuildFile; fileRef = 47FD51961ACD26F300613D11 /* PostCardTests.swift */; };
		47FD51A21ACD27F800613D11 /* AlbertEinsteinStamp.jpg in Resources */ = {isa = PBXBuildFile; fileRef = 47FD51A01ACD27F800613D11 /* AlbertEinsteinStamp.jpg */; };
		47FD51A31ACD27F800613D11 /* SagradaFamilia.jpeg in Resources */ = {isa = PBXBuildFile; fileRef = 47FD51A11ACD27F800613D11 /* SagradaFamilia.jpeg */; };
/* End PBXBuildFile section */

/* Begin PBXContainerItemProxy section */
		47FD51911ACD26F300613D11 /* PBXContainerItemProxy */ = {
			isa = PBXContainerItemProxy;
			containerPortal = 47FD51731ACD26F200613D11 /* Project object */;
			proxyType = 1;
			remoteGlobalIDString = 47FD517A1ACD26F300613D11;
			remoteInfo = PostCard;
		};
/* End PBXContainerItemProxy section */

/* Begin PBXFileReference section */
		47FD517B1ACD26F300613D11 /* PostCard.app */ = {isa = PBXFileReference; explicitFileType = wrapper.application; includeInIndex = 0; path = PostCard.app; sourceTree = BUILT_PRODUCTS_DIR; };
		47FD517F1ACD26F300613D11 /* Info.plist */ = {isa = PBXFileReference; lastKnownFileType = text.plist.xml; path = Info.plist; sourceTree = "<group>"; };
		47FD51801ACD26F300613D11 /* AppDelegate.swift */ = {isa = PBXFileReference; lastKnownFileType = sourcecode.swift; path = AppDelegate.swift; sourceTree = "<group>"; };
		47FD51821ACD26F300613D11 /* ViewController.swift */ = {isa = PBXFileReference; lastKnownFileType = sourcecode.swift; path = ViewController.swift; sourceTree = "<group>"; };
		47FD51851ACD26F300613D11 /* Base */ = {isa = PBXFileReference; lastKnownFileType = file.storyboard; name = Base; path = Base.lproj/Main.storyboard; sourceTree = "<group>"; };
		47FD51871ACD26F300613D11 /* Images.xcassets */ = {isa = PBXFileReference; lastKnownFileType = folder.assetcatalog; path = Images.xcassets; sourceTree = "<group>"; };
		47FD518A1ACD26F300613D11 /* Base */ = {isa = PBXFileReference; lastKnownFileType = file.xib; name = Base; path = Base.lproj/LaunchScreen.xib; sourceTree = "<group>"; };
		47FD51901ACD26F300613D11 /* PostCardTests.xctest */ = {isa = PBXFileReference; explicitFileType = wrapper.cfbundle; includeInIndex = 0; path = PostCardTests.xctest; sourceTree = BUILT_PRODUCTS_DIR; };
		47FD51951ACD26F300613D11 /* Info.plist */ = {isa = PBXFileReference; lastKnownFileType = text.plist.xml; path = Info.plist; sourceTree = "<group>"; };
		47FD51961ACD26F300613D11 /* PostCardTests.swift */ = {isa = PBXFileReference; lastKnownFileType = sourcecode.swift; path = PostCardTests.swift; sourceTree = "<group>"; };
		47FD51A01ACD27F800613D11 /* AlbertEinsteinStamp.jpg */ = {isa = PBXFileReference; lastKnownFileType = image.jpeg; path = AlbertEinsteinStamp.jpg; sourceTree = "<group>"; };
		47FD51A11ACD27F800613D11 /* SagradaFamilia.jpeg */ = {isa = PBXFileReference; lastKnownFileType = image.jpeg; path = SagradaFamilia.jpeg; sourceTree = "<group>"; };
/* End PBXFileReference section */

/* Begin PBXFrameworksBuildPhase section */
		47FD51781ACD26F300613D11 /* Frameworks */ = {
			isa = PBXFrameworksBuildPhase;
			buildActionMask = 2147483647;
			files = (
			);
			runOnlyForDeploymentPostprocessing = 0;
		};
		47FD518D1ACD26F300613D11 /* Frameworks */ = {
			isa = PBXFrameworksBuildPhase;
			buildActionMask = 2147483647;
			files = (
			);
			runOnlyForDeploymentPostprocessing = 0;
		};
/* End PBXFrameworksBuildPhase section */

/* Begin PBXGroup section */
		47FD51721ACD26F200613D11 = {
			isa = PBXGroup;
			children = (
				47FD517D1ACD26F300613D11 /* PostCard */,
				47FD51931ACD26F300613D11 /* PostCardTests */,
				47FD517C1ACD26F300613D11 /* Products */,
			);
			sourceTree = "<group>";
		};
		47FD517C1ACD26F300613D11 /* Products */ = {
			isa = PBXGroup;
			children = (
				47FD517B1ACD26F300613D11 /* PostCard.app */,
				47FD51901ACD26F300613D11 /* PostCardTests.xctest */,
			);
			name = Products;
			sourceTree = "<group>";
		};
		47FD517D1ACD26F300613D11 /* PostCard */ = {
			isa = PBXGroup;
			children = (
				47FD51801ACD26F300613D11 /* AppDelegate.swift */,
				47FD51821ACD26F300613D11 /* ViewController.swift */,
				47FD51841ACD26F300613D11 /* Main.storyboard */,
				47FD51871ACD26F300613D11 /* Images.xcassets */,
				47FD51891ACD26F300613D11 /* LaunchScreen.xib */,
				47FD517E1ACD26F300613D11 /* Supporting Files */,
			);
			path = PostCard;
			sourceTree = "<group>";
		};
		47FD517E1ACD26F300613D11 /* Supporting Files */ = {
			isa = PBXGroup;
			children = (
				47FD517F1ACD26F300613D11 /* Info.plist */,
				47FD51A01ACD27F800613D11 /* AlbertEinsteinStamp.jpg */,
				47FD51A11ACD27F800613D11 /* SagradaFamilia.jpeg */,
			);
			name = "Supporting Files";
			sourceTree = "<group>";
		};
		47FD51931ACD26F300613D11 /* PostCardTests */ = {
			isa = PBXGroup;
			children = (
				47FD51961ACD26F300613D11 /* PostCardTests.swift */,
				47FD51941ACD26F300613D11 /* Supporting Files */,
			);
			path = PostCardTests;
			sourceTree = "<group>";
		};
		47FD51941ACD26F300613D11 /* Supporting Files */ = {
			isa = PBXGroup;
			children = (
				47FD51951ACD26F300613D11 /* Info.plist */,
			);
			name = "Supporting Files";
			sourceTree = "<group>";
		};
/* End PBXGroup section */

/* Begin PBXNativeTarget section */
		47FD517A1ACD26F300613D11 /* PostCard */ = {
			isa = PBXNativeTarget;
			buildConfigurationList = 47FD519A1ACD26F300613D11 /* Build configuration list for PBXNativeTarget "PostCard" */;
			buildPhases = (
				47FD51771ACD26F300613D11 /* Sources */,
				47FD51781ACD26F300613D11 /* Frameworks */,
				47FD51791ACD26F300613D11 /* Resources */,
			);
			buildRules = (
			);
			dependencies = (
			);
			name = PostCard;
			productName = PostCard;
			productReference = 47FD517B1ACD26F300613D11 /* PostCard.app */;
			productType = "com.apple.product-type.application";
		};
		47FD518F1ACD26F300613D11 /* PostCardTests */ = {
			isa = PBXNativeTarget;
			buildConfigurationList = 47FD519D1ACD26F300613D11 /* Build configuration list for PBXNativeTarget "PostCardTests" */;
			buildPhases = (
				47FD518C1ACD26F300613D11 /* Sources */,
				47FD518D1ACD26F300613D11 /* Frameworks */,
				47FD518E1ACD26F300613D11 /* Resources */,
			);
			buildRules = (
			);
			dependencies = (
				47FD51921ACD26F300613D11 /* PBXTargetDependency */,
			);
			name = PostCardTests;
			productName = PostCardTests;
			productReference = 47FD51901ACD26F300613D11 /* PostCardTests.xctest */;
			productType = "com.apple.product-type.bundle.unit-test";
		};
/* End PBXNativeTarget section */

/* Begin PBXProject section */
		47FD51731ACD26F200613D11 /* Project object */ = {
			isa = PBXProject;
			attributes = {
				LastUpgradeCheck = 0630;
				ORGANIZATIONNAME = "altug ozgercek";
				TargetAttributes = {
					47FD517A1ACD26F300613D11 = {
						CreatedOnToolsVersion = 6.3;
					};
					47FD518F1ACD26F300613D11 = {
						CreatedOnToolsVersion = 6.3;
						TestTargetID = 47FD517A1ACD26F300613D11;
					};
				};
			};
			buildConfigurationList = 47FD51761ACD26F200613D11 /* Build configuration list for PBXProject "PostCard" */;
			compatibilityVersion = "Xcode 3.2";
			developmentRegion = English;
			hasScannedForEncodings = 0;
			knownRegions = (
				en,
				Base,
			);
			mainGroup = 47FD51721ACD26F200613D11;
			productRefGroup = 47FD517C1ACD26F300613D11 /* Products */;
			projectDirPath = "";
			projectRoot = "";
			targets = (
				47FD517A1ACD26F300613D11 /* PostCard */,
				47FD518F1ACD26F300613D11 /* PostCardTests */,
			);
		};
/* End PBXProject section */

/* Begin PBXResourcesBuildPhase section */
		47FD51791ACD26F300613D11 /* Resources */ = {
			isa = PBXResourcesBuildPhase;
			buildActionMask = 2147483647;
			files = (
				47FD51A21ACD27F800613D11 /* AlbertEinsteinStamp.jpg in Resources */,
				47FD51861ACD26F300613D11 /* Main.storyboard in Resources */,
				47FD518B1ACD26F300613D11 /* LaunchScreen.xib in Resources */,
				47FD51881ACD26F300613D11 /* Images.xcassets in Resources */,
				47FD51A31ACD27F800613D11 /* SagradaFamilia.jpeg in Resources */,
			);
			runOnlyForDeploymentPostprocessing = 0;
		};
		47FD518E1ACD26F300613D11 /* Resources */ = {
			isa = PBXResourcesBuildPhase;
			buildActionMask = 2147483647;
			files = (
			);
			runOnlyForDeploymentPostprocessing = 0;
		};
/* End PBXResourcesBuildPhase section */

/* Begin PBXSourcesBuildPhase section */
		47FD51771ACD26F300613D11 /* Sources */ = {
			isa = PBXSourcesBuildPhase;
			buildActionMask = 2147483647;
			files = (
				47FD51831ACD26F300613D11 /* ViewController.swift in Sources */,
				47FD51811ACD26F300613D11 /* AppDelegate.swift in Sources */,
			);
			runOnlyForDeploymentPostprocessing = 0;
		};
		47FD518C1ACD26F300613D11 /* Sources */ = {
			isa = PBXSourcesBuildPhase;
			buildActionMask = 2147483647;
			files = (
				47FD51971ACD26F300613D11 /* PostCardTests.swift in Sources */,
			);
			runOnlyForDeploymentPostprocessing = 0;
		};
/* End PBXSourcesBuildPhase section */

/* Begin PBXTargetDependency section */
		47FD51921ACD26F300613D11 /* PBXTargetDependency */ = {
			isa = PBXTargetDependency;
			target = 47FD517A1ACD26F300613D11 /* PostCard */;
			targetProxy = 47FD51911ACD26F300613D11 /* PBXContainerItemProxy */;
		};
/* End PBXTargetDependency section */

/* Begin PBXVariantGroup section */
		47FD51841ACD26F300613D11 /* Main.storyboard */ = {
			isa = PBXVariantGroup;
			children = (
				47FD51851ACD26F300613D11 /* Base */,
			);
			name = Main.storyboard;
			sourceTree = "<group>";
		};
		47FD51891ACD26F300613D11 /* LaunchScreen.xib */ = {
			isa = PBXVariantGroup;
			children = (
				47FD518A1ACD26F300613D11 /* Base */,
			);
			name = LaunchScreen.xib;
			sourceTree = "<group>";
		};
/* End PBXVariantGroup section */

/* Begin XCBuildConfiguration section */
		47FD51981ACD26F300613D11 /* Debug */ = {
			isa = XCBuildConfiguration;
			buildSettings = {
				ALWAYS_SEARCH_USER_PATHS = NO;
				CLANG_CXX_LANGUAGE_STANDARD = "gnu++0x";
				CLANG_CXX_LIBRARY = "libc++";
				CLANG_ENABLE_MODULES = YES;
				CLANG_ENABLE_OBJC_ARC = YES;
				CLANG_WARN_BOOL_CONVERSION = YES;
				CLANG_WARN_CONSTANT_CONVERSION = YES;
				CLANG_WARN_DIRECT_OBJC_ISA_USAGE = YES_ERROR;
				CLANG_WARN_EMPTY_BODY = YES;
				CLANG_WARN_ENUM_CONVERSION = YES;
				CLANG_WARN_INT_CONVERSION = YES;
				CLANG_WARN_OBJC_ROOT_CLASS = YES_ERROR;
				CLANG_WARN_UNREACHABLE_CODE = YES;
				CLANG_WARN__DUPLICATE_METHOD_MATCH = YES;
				"CODE_SIGN_IDENTITY[sdk=iphoneos*]" = "iPhone Developer";
				COPY_PHASE_STRIP = NO;
				DEBUG_INFORMATION_FORMAT = "dwarf-with-dsym";
				ENABLE_STRICT_OBJC_MSGSEND = YES;
				GCC_C_LANGUAGE_STANDARD = gnu99;
				GCC_DYNAMIC_NO_PIC = NO;
				GCC_NO_COMMON_BLOCKS = YES;
				GCC_OPTIMIZATION_LEVEL = 0;
				GCC_PREPROCESSOR_DEFINITIONS = (
					"DEBUG=1",
					"$(inherited)",
				);
				GCC_SYMBOLS_PRIVATE_EXTERN = NO;
				GCC_WARN_64_TO_32_BIT_CONVERSION = YES;
				GCC_WARN_ABOUT_RETURN_TYPE = YES_ERROR;
				GCC_WARN_UNDECLARED_SELECTOR = YES;
				GCC_WARN_UNINITIALIZED_AUTOS = YES_AGGRESSIVE;
				GCC_WARN_UNUSED_FUNCTION = YES;
				GCC_WARN_UNUSED_VARIABLE = YES;
				IPHONEOS_DEPLOYMENT_TARGET = 8.3;
				MTL_ENABLE_DEBUG_INFO = YES;
				ONLY_ACTIVE_ARCH = YES;
				SDKROOT = iphoneos;
				SWIFT_OPTIMIZATION_LEVEL = "-Onone";
			};
			name = Debug;
		};
		47FD51991ACD26F300613D11 /* Release */ = {
			isa = XCBuildConfiguration;
			buildSettings = {
				ALWAYS_SEARCH_USER_PATHS = NO;
				CLANG_CXX_LANGUAGE_STANDARD = "gnu++0x";
				CLANG_CXX_LIBRARY = "libc++";
				CLANG_ENABLE_MODULES = YES;
				CLANG_ENABLE_OBJC_ARC = YES;
				CLANG_WARN_BOOL_CONVERSION = YES;
				CLANG_WARN_CONSTANT_CONVERSION = YES;
				CLANG_WARN_DIRECT_OBJC_ISA_USAGE = YES_ERROR;
				CLANG_WARN_EMPTY_BODY = YES;
				CLANG_WARN_ENUM_CONVERSION = YES;
				CLANG_WARN_INT_CONVERSION = YES;
				CLANG_WARN_OBJC_ROOT_CLASS = YES_ERROR;
				CLANG_WARN_UNREACHABLE_CODE = YES;
				CLANG_WARN__DUPLICATE_METHOD_MATCH = YES;
				"CODE_SIGN_IDENTITY[sdk=iphoneos*]" = "iPhone Developer";
				COPY_PHASE_STRIP = NO;
				DEBUG_INFORMATION_FORMAT = "dwarf-with-dsym";
				ENABLE_NS_ASSERTIONS = NO;
				ENABLE_STRICT_OBJC_MSGSEND = YES;
				GCC_C_LANGUAGE_STANDARD = gnu99;
				GCC_NO_COMMON_BLOCKS = YES;
				GCC_WARN_64_TO_32_BIT_CONVERSION = YES;
				GCC_WARN_ABOUT_RETURN_TYPE = YES_ERROR;
				GCC_WARN_UNDECLARED_SELECTOR = YES;
				GCC_WARN_UNINITIALIZED_AUTOS = YES_AGGRESSIVE;
				GCC_WARN_UNUSED_FUNCTION = YES;
				GCC_WARN_UNUSED_VARIABLE = YES;
				IPHONEOS_DEPLOYMENT_TARGET = 8.3;
				MTL_ENABLE_DEBUG_INFO = NO;
				SDKROOT = iphoneos;
				VALIDATE_PRODUCT = YES;
			};
			name = Release;
		};
		47FD519B1ACD26F300613D11 /* Debug */ = {
			isa = XCBuildConfiguration;
			buildSettings = {
				ASSETCATALOG_COMPILER_APPICON_NAME = AppIcon;
				INFOPLIST_FILE = PostCard/Info.plist;
				LD_RUNPATH_SEARCH_PATHS = "$(inherited) @executable_path/Frameworks";
				PRODUCT_NAME = "$(TARGET_NAME)";
			};
			name = Debug;
		};
		47FD519C1ACD26F300613D11 /* Release */ = {
			isa = XCBuildConfiguration;
			buildSettings = {
				ASSETCATALOG_COMPILER_APPICON_NAME = AppIcon;
				INFOPLIST_FILE = PostCard/Info.plist;
				LD_RUNPATH_SEARCH_PATHS = "$(inherited) @executable_path/Frameworks";
				PRODUCT_NAME = "$(TARGET_NAME)";
			};
			name = Release;
		};
		47FD519E1ACD26F300613D11 /* Debug */ = {
			isa = XCBuildConfiguration;
			buildSettings = {
				BUNDLE_LOADER = "$(TEST_HOST)";
				FRAMEWORK_SEARCH_PATHS = (
					"$(SDKROOT)/Developer/Library/Frameworks",
					"$(inherited)",
				);
				GCC_PREPROCESSOR_DEFINITIONS = (
					"DEBUG=1",
					"$(inherited)",
				);
				INFOPLIST_FILE = PostCardTests/Info.plist;
				LD_RUNPATH_SEARCH_PATHS = "$(inherited) @executable_path/Frameworks @loader_path/Frameworks";
				PRODUCT_NAME = "$(TARGET_NAME)";
				TEST_HOST = "$(BUILT_PRODUCTS_DIR)/PostCard.app/PostCard";
			};
			name = Debug;
		};
		47FD519F1ACD26F300613D11 /* Release */ = {
			isa = XCBuildConfiguration;
			buildSettings = {
				BUNDLE_LOADER = "$(TEST_HOST)";
				FRAMEWORK_SEARCH_PATHS = (
					"$(SDKROOT)/Developer/Library/Frameworks",
					"$(inherited)",
				);
				INFOPLIST_FILE = PostCardTests/Info.plist;
				LD_RUNPATH_SEARCH_PATHS = "$(inherited) @executable_path/Frameworks @loader_path/Frameworks";
				PRODUCT_NAME = "$(TARGET_NAME)";
				TEST_HOST = "$(BUILT_PRODUCTS_DIR)/PostCard.app/PostCard";
			};
			name = Release;
		};
/* End XCBuildConfiguration section */

/* Begin XCConfigurationList section */
		47FD51761ACD26F200613D11 /* Build configuration list for PBXProject "PostCard" */ = {
			isa = XCConfigurationList;
			buildConfigurations = (
				47FD51981ACD26F300613D11 /* Debug */,
				47FD51991ACD26F300613D11 /* Release */,
			);
			defaultConfigurationIsVisible = 0;
			defaultConfigurationName = Release;
		};
		47FD519A1ACD26F300613D11 /* Build configuration list for PBXNativeTarget "PostCard" */ = {
			isa = XCConfigurationList;
			buildConfigurations = (
				47FD519B1ACD26F300613D11 /* Debug */,
				47FD519C1ACD26F300613D11 /* Release */,
			);
			defaultConfigurationIsVisible = 0;
		};
		47FD519D1ACD26F300613D11 /* Build configuration list for PBXNativeTarget "PostCardTests" */ = {
			isa = XCConfigurationList;
			buildConfigurations = (
				47FD519E1ACD26F300613D11 /* Debug */,
				47FD519F1ACD26F300613D11 /* Release */,
			);
			defaultConfigurationIsVisible = 0;
		};
/* End XCConfigurationList section */
	};
	rootObject = 47FD51731ACD26F200613D11 /* Project object */;
}
